// !$*UTF8*$!
{
	archiveVersion = 1;
	classes = {
	};
	objectVersion = 50;
	objects = {

/* Begin PBXBuildFile section */
		BF296FA5222D6D2000A6A605 /* AppDelegate.swift in Sources */ = {isa = PBXBuildFile; fileRef = BF296FA4222D6D2000A6A605 /* AppDelegate.swift */; };
		BF296FA7222D6D2000A6A605 /* ViewController.swift in Sources */ = {isa = PBXBuildFile; fileRef = BF296FA6222D6D2000A6A605 /* ViewController.swift */; };
		BF296FAC222D6D2300A6A605 /* Assets.xcassets in Resources */ = {isa = PBXBuildFile; fileRef = BF296FAB222D6D2300A6A605 /* Assets.xcassets */; };
		BF296FAF222D6D2300A6A605 /* LaunchScreen.storyboard in Resources */ = {isa = PBXBuildFile; fileRef = BF296FAD222D6D2300A6A605 /* LaunchScreen.storyboard */; };
		BF296FB8222D749700A6A605 /* WebKit.framework in Frameworks */ = {isa = PBXBuildFile; fileRef = BF296FB7222D749700A6A605 /* WebKit.framework */; };
		BF296FBA222D74B500A6A605 /* WebViewController.swift in Sources */ = {isa = PBXBuildFile; fileRef = BF296FB9222D74B500A6A605 /* WebViewController.swift */; };
		BF296FBC222D7A2300A6A605 /* CampusWebController.swift in Sources */ = {isa = PBXBuildFile; fileRef = BF296FBB222D7A2300A6A605 /* CampusWebController.swift */; };
/* End PBXBuildFile section */

/* Begin PBXFileReference section */
		BF296FA1222D6D2000A6A605 /* uoa_util_app.app */ = {isa = PBXFileReference; explicitFileType = wrapper.application; includeInIndex = 0; path = uoa_util_app.app; sourceTree = BUILT_PRODUCTS_DIR; };
		BF296FA4222D6D2000A6A605 /* AppDelegate.swift */ = {isa = PBXFileReference; lastKnownFileType = sourcecode.swift; path = AppDelegate.swift; sourceTree = "<group>"; };
		BF296FA6222D6D2000A6A605 /* ViewController.swift */ = {isa = PBXFileReference; lastKnownFileType = sourcecode.swift; path = ViewController.swift; sourceTree = "<group>"; };
		BF296FAB222D6D2300A6A605 /* Assets.xcassets */ = {isa = PBXFileReference; lastKnownFileType = folder.assetcatalog; path = Assets.xcassets; sourceTree = "<group>"; };
		BF296FAE222D6D2300A6A605 /* Base */ = {isa = PBXFileReference; lastKnownFileType = file.storyboard; name = Base; path = Base.lproj/LaunchScreen.storyboard; sourceTree = "<group>"; };
		BF296FB0222D6D2300A6A605 /* Info.plist */ = {isa = PBXFileReference; lastKnownFileType = text.plist.xml; path = Info.plist; sourceTree = "<group>"; };
		BF296FB7222D749700A6A605 /* WebKit.framework */ = {isa = PBXFileReference; lastKnownFileType = wrapper.framework; name = WebKit.framework; path = System/Library/Frameworks/WebKit.framework; sourceTree = SDKROOT; };
		BF296FB9222D74B500A6A605 /* WebViewController.swift */ = {isa = PBXFileReference; lastKnownFileType = sourcecode.swift; path = WebViewController.swift; sourceTree = "<group>"; };
		BF296FBB222D7A2300A6A605 /* CampusWebController.swift */ = {isa = PBXFileReference; lastKnownFileType = sourcecode.swift; path = CampusWebController.swift; sourceTree = "<group>"; };
/* End PBXFileReference section */

/* Begin PBXFrameworksBuildPhase section */
		BF296F9E222D6D2000A6A605 /* Frameworks */ = {
			isa = PBXFrameworksBuildPhase;
			buildActionMask = 2147483647;
			files = (
				BF296FB8222D749700A6A605 /* WebKit.framework in Frameworks */,
			);
			runOnlyForDeploymentPostprocessing = 0;
		};
/* End PBXFrameworksBuildPhase section */

/* Begin PBXGroup section */
		BF296F98222D6D2000A6A605 = {
			isa = PBXGroup;
			children = (
				BF296FA3222D6D2000A6A605 /* uoa_util_app */,
				BF296FA2222D6D2000A6A605 /* Products */,
				BF296FB6222D749700A6A605 /* Frameworks */,
			);
			sourceTree = "<group>";
		};
		BF296FA2222D6D2000A6A605 /* Products */ = {
			isa = PBXGroup;
			children = (
				BF296FA1222D6D2000A6A605 /* uoa_util_app.app */,
			);
			name = Products;
			sourceTree = "<group>";
		};
		BF296FA3222D6D2000A6A605 /* uoa_util_app */ = {
			isa = PBXGroup;
			children = (
				BF296FA4222D6D2000A6A605 /* AppDelegate.swift */,
				BF296FA6222D6D2000A6A605 /* ViewController.swift */,
				BF296FAB222D6D2300A6A605 /* Assets.xcassets */,
				BF296FAD222D6D2300A6A605 /* LaunchScreen.storyboard */,
				BF296FB0222D6D2300A6A605 /* Info.plist */,
				BF296FB9222D74B500A6A605 /* WebViewController.swift */,
				BF296FBB222D7A2300A6A605 /* CampusWebController.swift */,
			);
			path = uoa_util_app;
			sourceTree = "<group>";
		};
		BF296FB6222D749700A6A605 /* Frameworks */ = {
			isa = PBXGroup;
			children = (
				BF296FB7222D749700A6A605 /* WebKit.framework */,
			);
			name = Frameworks;
			sourceTree = "<group>";
		};
/* End PBXGroup section */

/* Begin PBXNativeTarget section */
		BF296FA0222D6D2000A6A605 /* uoa_util_app */ = {
			isa = PBXNativeTarget;
			buildConfigurationList = BF296FB3222D6D2300A6A605 /* Build configuration list for PBXNativeTarget "uoa_util_app" */;
			buildPhases = (
				BF296F9D222D6D2000A6A605 /* Sources */,
				BF296F9E222D6D2000A6A605 /* Frameworks */,
				BF296F9F222D6D2000A6A605 /* Resources */,
			);
			buildRules = (
			);
			dependencies = (
			);
			name = uoa_util_app;
			productName = uoa_util_app;
			productReference = BF296FA1222D6D2000A6A605 /* uoa_util_app.app */;
			productType = "com.apple.product-type.application";
		};
/* End PBXNativeTarget section */

/* Begin PBXProject section */
		BF296F99222D6D2000A6A605 /* Project object */ = {
			isa = PBXProject;
			attributes = {
				LastSwiftUpdateCheck = 1010;
				LastUpgradeCheck = 1010;
				ORGANIZATIONNAME = "ry-itto";
				TargetAttributes = {
					BF296FA0222D6D2000A6A605 = {
						CreatedOnToolsVersion = 10.1;
					};
				};
			};
			buildConfigurationList = BF296F9C222D6D2000A6A605 /* Build configuration list for PBXProject "uoa_util_app" */;
			compatibilityVersion = "Xcode 9.3";
			developmentRegion = en;
			hasScannedForEncodings = 0;
			knownRegions = (
				en,
				Base,
			);
			mainGroup = BF296F98222D6D2000A6A605;
			productRefGroup = BF296FA2222D6D2000A6A605 /* Products */;
			projectDirPath = "";
			projectRoot = "";
			targets = (
				BF296FA0222D6D2000A6A605 /* uoa_util_app */,
			);
		};
/* End PBXProject section */

/* Begin PBXResourcesBuildPhase section */
		BF296F9F222D6D2000A6A605 /* Resources */ = {
			isa = PBXResourcesBuildPhase;
			buildActionMask = 2147483647;
			files = (
				BF296FAF222D6D2300A6A605 /* LaunchScreen.storyboard in Resources */,
				BF296FAC222D6D2300A6A605 /* Assets.xcassets in Resources */,
			);
			runOnlyForDeploymentPostprocessing = 0;
		};
/* End PBXResourcesBuildPhase section */

/* Begin PBXSourcesBuildPhase section */
		BF296F9D222D6D2000A6A605 /* Sources */ = {
			isa = PBXSourcesBuildPhase;
			buildActionMask = 2147483647;
			files = (
				BF296FA7222D6D2000A6A605 /* ViewController.swift in Sources */,
				BF296FBA222D74B500A6A605 /* WebViewController.swift in Sources */,
				BF296FA5222D6D2000A6A605 /* AppDelegate.swift in Sources */,
				BF296FBC222D7A2300A6A605 /* CampusWebController.swift in Sources */,
			);
			runOnlyForDeploymentPostprocessing = 0;
		};
/* End PBXSourcesBuildPhase section */

/* Begin PBXVariantGroup section */
		BF296FAD222D6D2300A6A605 /* LaunchScreen.storyboard */ = {
			isa = PBXVariantGroup;
			children = (
				BF296FAE222D6D2300A6A605 /* Base */,
			);
			name = LaunchScreen.storyboard;
			sourceTree = "<group>";
		};
/* End PBXVariantGroup section */

/* Begin XCBuildConfiguration section */
		BF296FB1222D6D2300A6A605 /* Debug */ = {
			isa = XCBuildConfiguration;
			buildSettings = {
				ALWAYS_SEARCH_USER_PATHS = NO;
				CLANG_ANALYZER_NONNULL = YES;
				CLANG_ANALYZER_NUMBER_OBJECT_CONVERSION = YES_AGGRESSIVE;
				CLANG_CXX_LANGUAGE_STANDARD = "gnu++14";
				CLANG_CXX_LIBRARY = "libc++";
				CLANG_ENABLE_MODULES = YES;
				CLANG_ENABLE_OBJC_ARC = YES;
				CLANG_ENABLE_OBJC_WEAK = YES;
				CLANG_WARN_BLOCK_CAPTURE_AUTORELEASING = YES;
				CLANG_WARN_BOOL_CONVERSION = YES;
				CLANG_WARN_COMMA = YES;
				CLANG_WARN_CONSTANT_CONVERSION = YES;
				CLANG_WARN_DEPRECATED_OBJC_IMPLEMENTATIONS = YES;
				CLANG_WARN_DIRECT_OBJC_ISA_USAGE = YES_ERROR;
				CLANG_WARN_DOCUMENTATION_COMMENTS = YES;
				CLANG_WARN_EMPTY_BODY = YES;
				CLANG_WARN_ENUM_CONVERSION = YES;
				CLANG_WARN_INFINITE_RECURSION = YES;
				CLANG_WARN_INT_CONVERSION = YES;
				CLANG_WARN_NON_LITERAL_NULL_CONVERSION = YES;
				CLANG_WARN_OBJC_IMPLICIT_RETAIN_SELF = YES;
				CLANG_WARN_OBJC_LITERAL_CONVERSION = YES;
				CLANG_WARN_OBJC_ROOT_CLASS = YES_ERROR;
				CLANG_WARN_RANGE_LOOP_ANALYSIS = YES;
				CLANG_WARN_STRICT_PROTOTYPES = YES;
				CLANG_WARN_SUSPICIOUS_MOVE = YES;
				CLANG_WARN_UNGUARDED_AVAILABILITY = YES_AGGRESSIVE;
				CLANG_WARN_UNREACHABLE_CODE = YES;
				CLANG_WARN__DUPLICATE_METHOD_MATCH = YES;
				CODE_SIGN_IDENTITY = "iPhone Developer";
				COPY_PHASE_STRIP = NO;
				DEBUG_INFORMATION_FORMAT = dwarf;
				ENABLE_STRICT_OBJC_MSGSEND = YES;
				ENABLE_TESTABILITY = YES;
				GCC_C_LANGUAGE_STANDARD = gnu11;
				GCC_DYNAMIC_NO_PIC = NO;
				GCC_NO_COMMON_BLOCKS = YES;
				GCC_OPTIMIZATION_LEVEL = 0;
				GCC_PREPROCESSOR_DEFINITIONS = (
					"DEBUG=1",
					"$(inherited)",
				);
				GCC_WARN_64_TO_32_BIT_CONVERSION = YES;
				GCC_WARN_ABOUT_RETURN_TYPE = YES_ERROR;
				GCC_WARN_UNDECLARED_SELECTOR = YES;
				GCC_WARN_UNINITIALIZED_AUTOS = YES_AGGRESSIVE;
				GCC_WARN_UNUSED_FUNCTION = YES;
				GCC_WARN_UNUSED_VARIABLE = YES;
				IPHONEOS_DEPLOYMENT_TARGET = 12.1;
				MTL_ENABLE_DEBUG_INFO = INCLUDE_SOURCE;
				MTL_FAST_MATH = YES;
				ONLY_ACTIVE_ARCH = YES;
				SDKROOT = iphoneos;
				SWIFT_ACTIVE_COMPILATION_CONDITIONS = DEBUG;
				SWIFT_OPTIMIZATION_LEVEL = "-Onone";
			};
			name = Debug;
		};
		BF296FB2222D6D2300A6A605 /* Release */ = {
			isa = XCBuildConfiguration;
			buildSettings = {
				ALWAYS_SEARCH_USER_PATHS = NO;
				CLANG_ANALYZER_NONNULL = YES;
				CLANG_ANALYZER_NUMBER_OBJECT_CONVERSION = YES_AGGRESSIVE;
				CLANG_CXX_LANGUAGE_STANDARD = "gnu++14";
				CLANG_CXX_LIBRARY = "libc++";
				CLANG_ENABLE_MODULES = YES;
				CLANG_ENABLE_OBJC_ARC = YES;
				CLANG_ENABLE_OBJC_WEAK = YES;
				CLANG_WARN_BLOCK_CAPTURE_AUTORELEASING = YES;
				CLANG_WARN_BOOL_CONVERSION = YES;
				CLANG_WARN_COMMA = YES;
				CLANG_WARN_CONSTANT_CONVERSION = YES;
				CLANG_WARN_DEPRECATED_OBJC_IMPLEMENTATIONS = YES;
				CLANG_WARN_DIRECT_OBJC_ISA_USAGE = YES_ERROR;
				CLANG_WARN_DOCUMENTATION_COMMENTS = YES;
				CLANG_WARN_EMPTY_BODY = YES;
				CLANG_WARN_ENUM_CONVERSION = YES;
				CLANG_WARN_INFINITE_RECURSION = YES;
				CLANG_WARN_INT_CONVERSION = YES;
				CLANG_WARN_NON_LITERAL_NULL_CONVERSION = YES;
				CLANG_WARN_OBJC_IMPLICIT_RETAIN_SELF = YES;
				CLANG_WARN_OBJC_LITERAL_CONVERSION = YES;
				CLANG_WARN_OBJC_ROOT_CLASS = YES_ERROR;
				CLANG_WARN_RANGE_LOOP_ANALYSIS = YES;
				CLANG_WARN_STRICT_PROTOTYPES = YES;
				CLANG_WARN_SUSPICIOUS_MOVE = YES;
				CLANG_WARN_UNGUARDED_AVAILABILITY = YES_AGGRESSIVE;
				CLANG_WARN_UNREACHABLE_CODE = YES;
				CLANG_WARN__DUPLICATE_METHOD_MATCH = YES;
				CODE_SIGN_IDENTITY = "iPhone Developer";
				COPY_PHASE_STRIP = NO;
				DEBUG_INFORMATION_FORMAT = "dwarf-with-dsym";
				ENABLE_NS_ASSERTIONS = NO;
				ENABLE_STRICT_OBJC_MSGSEND = YES;
				GCC_C_LANGUAGE_STANDARD = gnu11;
				GCC_NO_COMMON_BLOCKS = YES;
				GCC_WARN_64_TO_32_BIT_CONVERSION = YES;
				GCC_WARN_ABOUT_RETURN_TYPE = YES_ERROR;
				GCC_WARN_UNDECLARED_SELECTOR = YES;
				GCC_WARN_UNINITIALIZED_AUTOS = YES_AGGRESSIVE;
				GCC_WARN_UNUSED_FUNCTION = YES;
				GCC_WARN_UNUSED_VARIABLE = YES;
				IPHONEOS_DEPLOYMENT_TARGET = 12.1;
				MTL_ENABLE_DEBUG_INFO = NO;
				MTL_FAST_MATH = YES;
				SDKROOT = iphoneos;
				SWIFT_COMPILATION_MODE = wholemodule;
				SWIFT_OPTIMIZATION_LEVEL = "-O";
				VALIDATE_PRODUCT = YES;
			};
			name = Release;
		};
		BF296FB4222D6D2300A6A605 /* Debug */ = {
			isa = XCBuildConfiguration;
			buildSettings = {
				ASSETCATALOG_COMPILER_APPICON_NAME = AppIcon;
				CODE_SIGN_STYLE = Automatic;
				DEVELOPMENT_TEAM = DFY27HWN2G;
				INFOPLIST_FILE = uoa_util_app/Info.plist;
				LD_RUNPATH_SEARCH_PATHS = (
					"$(inherited)",
					"@executable_path/Frameworks",
				);
				PRODUCT_BUNDLE_IDENTIFIER = "ry-itto.uoa-util-app";
				PRODUCT_NAME = "$(TARGET_NAME)";
				SWIFT_VERSION = 4.2;
				TARGETED_DEVICE_FAMILY = "1,2";
			};
			name = Debug;
		};
		BF296FB5222D6D2300A6A605 /* Release */ = {
			isa = XCBuildConfiguration;
			buildSettings = {
				ASSETCATALOG_COMPILER_APPICON_NAME = AppIcon;
				CODE_SIGN_STYLE = Automatic;
				DEVELOPMENT_TEAM = DFY27HWN2G;
				INFOPLIST_FILE = uoa_util_app/Info.plist;
				LD_RUNPATH_SEARCH_PATHS = (
					"$(inherited)",
					"@executable_path/Frameworks",
				);
				PRODUCT_BUNDLE_IDENTIFIER = "ry-itto.uoa-util-app";
				PRODUCT_NAME = "$(TARGET_NAME)";
				SWIFT_VERSION = 4.2;
				TARGETED_DEVICE_FAMILY = "1,2";
			};
			name = Release;
		};
/* End XCBuildConfiguration section */

/* Begin XCConfigurationList section */
		BF296F9C222D6D2000A6A605 /* Build configuration list for PBXProject "uoa_util_app" */ = {
			isa = XCConfigurationList;
			buildConfigurations = (
				BF296FB1222D6D2300A6A605 /* Debug */,
				BF296FB2222D6D2300A6A605 /* Release */,
			);
			defaultConfigurationIsVisible = 0;
			defaultConfigurationName = Release;
		};
		BF296FB3222D6D2300A6A605 /* Build configuration list for PBXNativeTarget "uoa_util_app" */ = {
			isa = XCConfigurationList;
			buildConfigurations = (
				BF296FB4222D6D2300A6A605 /* Debug */,
				BF296FB5222D6D2300A6A605 /* Release */,
			);
			defaultConfigurationIsVisible = 0;
			defaultConfigurationName = Release;
		};
/* End XCConfigurationList section */
	};
	rootObject = BF296F99222D6D2000A6A605 /* Project object */;
}
